
Microsoft Visual Studio Solution File, Format Version 12.00
# Visual Studio 15
VisualStudioVersion = 15.0.28010.2041
MinimumVisualStudioVersion = 10.0.40219.1
Project("{FAE04EC0-301F-11D3-BF4B-00C04F79EFBC}") = "Picturesque", "Picturesque\Picturesque.csproj", "{D68B767A-ABDA-4CC3-9826-A2A3BD03E7D0}"
EndProject
Global
	GlobalSection(SolutionConfigurationPlatforms) = preSolution
		Debug|Any CPU = Debug|Any CPU
		Release|Any CPU = Release|Any CPU
	EndGlobalSection
	GlobalSection(ProjectConfigurationPlatforms) = postSolution
		{D68B767A-ABDA-4CC3-9826-A2A3BD03E7D0}.Debug|Any CPU.ActiveCfg = Debug|Any CPU
		{D68B767A-ABDA-4CC3-9826-A2A3BD03E7D0}.Debug|Any CPU.Build.0 = Debug|Any CPU
		{D68B767A-ABDA-4CC3-9826-A2A3BD03E7D0}.Release|Any CPU.ActiveCfg = Release|Any CPU
		{D68B767A-ABDA-4CC3-9826-A2A3BD03E7D0}.Release|Any CPU.Build.0 = Release|Any CPU
	EndGlobalSection
	GlobalSection(SolutionProperties) = preSolution
		HideSolutionNode = FALSE
	EndGlobalSection
	GlobalSection(ExtensibilityGlobals) = postSolution
		SolutionGuid = {8DB8A50F-7CCF-489C-831C-CDD35EA05BDC}
	EndGlobalSection
EndGlobal
